
Microsoft Visual Studio Solution File, Format Version 12.00
# Visual Studio Version 17
VisualStudioVersion = 17.9.34728.123
MinimumVisualStudioVersion = 10.0.40219.1
Project("{FAE04EC0-301F-11D3-BF4B-00C04F79EFBC}") = "github-action-sample", "github-action-sample\github-action-sample.csproj", "{728C6365-DDB8-4BFB-B2B7-E4BB86D7F287}"
EndProject
Project("{FAE04EC0-301F-11D3-BF4B-00C04F79EFBC}") = "github-action-sample-tests", "github-action-sample-tests\github-action-sample-tests.csproj", "{697ADA79-050B-4C12-A525-D2164AC8FB76}"
EndProject
Global
	GlobalSection(SolutionConfigurationPlatforms) = preSolution
		Debug|Any CPU = Debug|Any CPU
		Release|Any CPU = Release|Any CPU
	EndGlobalSection
	GlobalSection(ProjectConfigurationPlatforms) = postSolution
		{728C6365-DDB8-4BFB-B2B7-E4BB86D7F287}.Debug|Any CPU.ActiveCfg = Debug|Any CPU
		{728C6365-DDB8-4BFB-B2B7-E4BB86D7F287}.Debug|Any CPU.Build.0 = Debug|Any CPU
		{728C6365-DDB8-4BFB-B2B7-E4BB86D7F287}.Release|Any CPU.ActiveCfg = Release|Any CPU
		{728C6365-DDB8-4BFB-B2B7-E4BB86D7F287}.Release|Any CPU.Build.0 = Release|Any CPU
		{697ADA79-050B-4C12-A525-D2164AC8FB76}.Debug|Any CPU.ActiveCfg = Debug|Any CPU
		{697ADA79-050B-4C12-A525-D2164AC8FB76}.Debug|Any CPU.Build.0 = Debug|Any CPU
		{697ADA79-050B-4C12-A525-D2164AC8FB76}.Release|Any CPU.ActiveCfg = Release|Any CPU
		{697ADA79-050B-4C12-A525-D2164AC8FB76}.Release|Any CPU.Build.0 = Release|Any CPU
	EndGlobalSection
	GlobalSection(SolutionProperties) = preSolution
		HideSolutionNode = FALSE
	EndGlobalSection
	GlobalSection(ExtensibilityGlobals) = postSolution
		SolutionGuid = {A64C61EB-3A7D-4815-86FE-50842FFEDA05}
	EndGlobalSection
EndGlobal
